
Microsoft Visual Studio Solution File, Format Version 12.00
# Visual Studio 15
VisualStudioVersion = 15.0.27130.2036
MinimumVisualStudioVersion = 10.0.40219.1
Project("{FAE04EC0-301F-11D3-BF4B-00C04F79EFBC}") = "DvdLibrary", "DvdLibrary\DvdLibrary.csproj", "{C4D88BFA-2876-4266-8E0C-15F6F0A56646}"
EndProject
Project("{FAE04EC0-301F-11D3-BF4B-00C04F79EFBC}") = "DvdLibraryAPI.Data", "DvdLibraryAPI.Data\DvdLibraryAPI.Data.csproj", "{4439BD7C-CEFF-4D98-A8E0-C013E949820B}"
EndProject
Global
	GlobalSection(SolutionConfigurationPlatforms) = preSolution
		Debug|Any CPU = Debug|Any CPU
		Release|Any CPU = Release|Any CPU
	EndGlobalSection
	GlobalSection(ProjectConfigurationPlatforms) = postSolution
		{C4D88BFA-2876-4266-8E0C-15F6F0A56646}.Debug|Any CPU.ActiveCfg = Debug|Any CPU
		{C4D88BFA-2876-4266-8E0C-15F6F0A56646}.Debug|Any CPU.Build.0 = Debug|Any CPU
		{C4D88BFA-2876-4266-8E0C-15F6F0A56646}.Release|Any CPU.ActiveCfg = Release|Any CPU
		{C4D88BFA-2876-4266-8E0C-15F6F0A56646}.Release|Any CPU.Build.0 = Release|Any CPU
		{4439BD7C-CEFF-4D98-A8E0-C013E949820B}.Debug|Any CPU.ActiveCfg = Debug|Any CPU
		{4439BD7C-CEFF-4D98-A8E0-C013E949820B}.Debug|Any CPU.Build.0 = Debug|Any CPU
		{4439BD7C-CEFF-4D98-A8E0-C013E949820B}.Release|Any CPU.ActiveCfg = Release|Any CPU
		{4439BD7C-CEFF-4D98-A8E0-C013E949820B}.Release|Any CPU.Build.0 = Release|Any CPU
	EndGlobalSection
	GlobalSection(SolutionProperties) = preSolution
		HideSolutionNode = FALSE
	EndGlobalSection
	GlobalSection(ExtensibilityGlobals) = postSolution
		SolutionGuid = {3C6DF912-ED86-4734-929A-3DF74CBA594C}
	EndGlobalSection
EndGlobal
