
Microsoft Visual Studio Solution File, Format Version 12.00
# Visual Studio 15
VisualStudioVersion = 15.0.27130.2036
MinimumVisualStudioVersion = 10.0.40219.1
Project("{FAE04EC0-301F-11D3-BF4B-00C04F79EFBC}") = "Spark.UI", "Spark.UI\Spark.UI.csproj", "{74EAC3C4-9D41-45F6-AD92-0E1C40F03E0B}"
EndProject
Project("{FAE04EC0-301F-11D3-BF4B-00C04F79EFBC}") = "Spark.Models", "Spark.Models\Spark.Models.csproj", "{6448610F-09D6-4981-AB18-F0AE72E49255}"
EndProject
Project("{FAE04EC0-301F-11D3-BF4B-00C04F79EFBC}") = "Spark.Data", "Spark.Data\Spark.Data.csproj", "{43A6352B-F4BB-4B63-82A5-95D87CC085E6}"
EndProject
Project("{FAE04EC0-301F-11D3-BF4B-00C04F79EFBC}") = "Spark.Tests", "Spark.Tests\Spark.Tests.csproj", "{09E6E824-DE5C-42DE-8AA1-BF66E4AD9A71}"
EndProject
Global
	GlobalSection(SolutionConfigurationPlatforms) = preSolution
		Debug|Any CPU = Debug|Any CPU
		Release|Any CPU = Release|Any CPU
	EndGlobalSection
	GlobalSection(ProjectConfigurationPlatforms) = postSolution
		{74EAC3C4-9D41-45F6-AD92-0E1C40F03E0B}.Debug|Any CPU.ActiveCfg = Debug|Any CPU
		{74EAC3C4-9D41-45F6-AD92-0E1C40F03E0B}.Debug|Any CPU.Build.0 = Debug|Any CPU
		{74EAC3C4-9D41-45F6-AD92-0E1C40F03E0B}.Release|Any CPU.ActiveCfg = Release|Any CPU
		{74EAC3C4-9D41-45F6-AD92-0E1C40F03E0B}.Release|Any CPU.Build.0 = Release|Any CPU
		{6448610F-09D6-4981-AB18-F0AE72E49255}.Debug|Any CPU.ActiveCfg = Debug|Any CPU
		{6448610F-09D6-4981-AB18-F0AE72E49255}.Debug|Any CPU.Build.0 = Debug|Any CPU
		{6448610F-09D6-4981-AB18-F0AE72E49255}.Release|Any CPU.ActiveCfg = Release|Any CPU
		{6448610F-09D6-4981-AB18-F0AE72E49255}.Release|Any CPU.Build.0 = Release|Any CPU
		{43A6352B-F4BB-4B63-82A5-95D87CC085E6}.Debug|Any CPU.ActiveCfg = Debug|Any CPU
		{43A6352B-F4BB-4B63-82A5-95D87CC085E6}.Debug|Any CPU.Build.0 = Debug|Any CPU
		{43A6352B-F4BB-4B63-82A5-95D87CC085E6}.Release|Any CPU.ActiveCfg = Release|Any CPU
		{43A6352B-F4BB-4B63-82A5-95D87CC085E6}.Release|Any CPU.Build.0 = Release|Any CPU
		{09E6E824-DE5C-42DE-8AA1-BF66E4AD9A71}.Debug|Any CPU.ActiveCfg = Debug|Any CPU
		{09E6E824-DE5C-42DE-8AA1-BF66E4AD9A71}.Debug|Any CPU.Build.0 = Debug|Any CPU
		{09E6E824-DE5C-42DE-8AA1-BF66E4AD9A71}.Release|Any CPU.ActiveCfg = Release|Any CPU
		{09E6E824-DE5C-42DE-8AA1-BF66E4AD9A71}.Release|Any CPU.Build.0 = Release|Any CPU
	EndGlobalSection
	GlobalSection(SolutionProperties) = preSolution
		HideSolutionNode = FALSE
	EndGlobalSection
	GlobalSection(ExtensibilityGlobals) = postSolution
		SolutionGuid = {34251AE7-5FD2-43D6-A437-BD707CE7594C}
	EndGlobalSection
EndGlobal
