
Microsoft Visual Studio Solution File, Format Version 12.00
# Visual Studio 15
VisualStudioVersion = 15.0.27130.2020
MinimumVisualStudioVersion = 10.0.40219.1
Project("{FAE04EC0-301F-11D3-BF4B-00C04F79EFBC}") = "Flooring.UI", "Flooring.UI\Flooring.UI.csproj", "{666AC467-3C24-47FB-BD37-447D24F76645}"
EndProject
Project("{FAE04EC0-301F-11D3-BF4B-00C04F79EFBC}") = "Flooring.Models", "Flooring.Models\Flooring.Models.csproj", "{EECD89C5-40B1-4EDF-B046-5D51CD95AC3E}"
EndProject
Project("{FAE04EC0-301F-11D3-BF4B-00C04F79EFBC}") = "Flooring.BLL", "Flooring.BLL\Flooring.BLL.csproj", "{9A0C38AD-6661-4EF2-8A6A-0C9BDC172049}"
EndProject
Project("{FAE04EC0-301F-11D3-BF4B-00C04F79EFBC}") = "Flooring.Data", "Flooring.Data\Flooring.Data.csproj", "{271759D6-DBAC-48B5-8759-831FBE0FF0B3}"
EndProject
Project("{FAE04EC0-301F-11D3-BF4B-00C04F79EFBC}") = "Flooring.Tests", "FlooringTests\Flooring.Tests.csproj", "{5BAEE855-B0D5-4D81-B80B-DAA14D347A90}"
EndProject
Global
	GlobalSection(SolutionConfigurationPlatforms) = preSolution
		Debug|Any CPU = Debug|Any CPU
		Release|Any CPU = Release|Any CPU
	EndGlobalSection
	GlobalSection(ProjectConfigurationPlatforms) = postSolution
		{666AC467-3C24-47FB-BD37-447D24F76645}.Debug|Any CPU.ActiveCfg = Debug|Any CPU
		{666AC467-3C24-47FB-BD37-447D24F76645}.Debug|Any CPU.Build.0 = Debug|Any CPU
		{666AC467-3C24-47FB-BD37-447D24F76645}.Release|Any CPU.ActiveCfg = Release|Any CPU
		{666AC467-3C24-47FB-BD37-447D24F76645}.Release|Any CPU.Build.0 = Release|Any CPU
		{EECD89C5-40B1-4EDF-B046-5D51CD95AC3E}.Debug|Any CPU.ActiveCfg = Debug|Any CPU
		{EECD89C5-40B1-4EDF-B046-5D51CD95AC3E}.Debug|Any CPU.Build.0 = Debug|Any CPU
		{EECD89C5-40B1-4EDF-B046-5D51CD95AC3E}.Release|Any CPU.ActiveCfg = Release|Any CPU
		{EECD89C5-40B1-4EDF-B046-5D51CD95AC3E}.Release|Any CPU.Build.0 = Release|Any CPU
		{9A0C38AD-6661-4EF2-8A6A-0C9BDC172049}.Debug|Any CPU.ActiveCfg = Debug|Any CPU
		{9A0C38AD-6661-4EF2-8A6A-0C9BDC172049}.Debug|Any CPU.Build.0 = Debug|Any CPU
		{9A0C38AD-6661-4EF2-8A6A-0C9BDC172049}.Release|Any CPU.ActiveCfg = Release|Any CPU
		{9A0C38AD-6661-4EF2-8A6A-0C9BDC172049}.Release|Any CPU.Build.0 = Release|Any CPU
		{271759D6-DBAC-48B5-8759-831FBE0FF0B3}.Debug|Any CPU.ActiveCfg = Debug|Any CPU
		{271759D6-DBAC-48B5-8759-831FBE0FF0B3}.Debug|Any CPU.Build.0 = Debug|Any CPU
		{271759D6-DBAC-48B5-8759-831FBE0FF0B3}.Release|Any CPU.ActiveCfg = Release|Any CPU
		{271759D6-DBAC-48B5-8759-831FBE0FF0B3}.Release|Any CPU.Build.0 = Release|Any CPU
		{5BAEE855-B0D5-4D81-B80B-DAA14D347A90}.Debug|Any CPU.ActiveCfg = Debug|Any CPU
		{5BAEE855-B0D5-4D81-B80B-DAA14D347A90}.Debug|Any CPU.Build.0 = Debug|Any CPU
		{5BAEE855-B0D5-4D81-B80B-DAA14D347A90}.Release|Any CPU.ActiveCfg = Release|Any CPU
		{5BAEE855-B0D5-4D81-B80B-DAA14D347A90}.Release|Any CPU.Build.0 = Release|Any CPU
	EndGlobalSection
	GlobalSection(SolutionProperties) = preSolution
		HideSolutionNode = FALSE
	EndGlobalSection
	GlobalSection(ExtensibilityGlobals) = postSolution
		SolutionGuid = {6537383C-3EFC-40A7-A172-A34794B5826C}
	EndGlobalSection
EndGlobal
