
Microsoft Visual Studio Solution File, Format Version 12.00
# Visual Studio 15
VisualStudioVersion = 15.0.27130.2020
MinimumVisualStudioVersion = 10.0.40219.1
Project("{FAE04EC0-301F-11D3-BF4B-00C04F79EFBC}") = "MyStudentMGMT.UI", "MyStudentMGMT.UI\MyStudentMGMT.UI.csproj", "{75DC416B-3992-452E-92CE-77465F222A2C}"
EndProject
Project("{FAE04EC0-301F-11D3-BF4B-00C04F79EFBC}") = "SystemIO.Tests", "SystemIO.Tests\SystemIO.Tests.csproj", "{3B2EEEB8-D73C-4D2C-92DB-94E24FF4FF18}"
EndProject
Global
	GlobalSection(SolutionConfigurationPlatforms) = preSolution
		Debug|Any CPU = Debug|Any CPU
		Release|Any CPU = Release|Any CPU
	EndGlobalSection
	GlobalSection(ProjectConfigurationPlatforms) = postSolution
		{75DC416B-3992-452E-92CE-77465F222A2C}.Debug|Any CPU.ActiveCfg = Debug|Any CPU
		{75DC416B-3992-452E-92CE-77465F222A2C}.Debug|Any CPU.Build.0 = Debug|Any CPU
		{75DC416B-3992-452E-92CE-77465F222A2C}.Release|Any CPU.ActiveCfg = Release|Any CPU
		{75DC416B-3992-452E-92CE-77465F222A2C}.Release|Any CPU.Build.0 = Release|Any CPU
		{3B2EEEB8-D73C-4D2C-92DB-94E24FF4FF18}.Debug|Any CPU.ActiveCfg = Debug|Any CPU
		{3B2EEEB8-D73C-4D2C-92DB-94E24FF4FF18}.Debug|Any CPU.Build.0 = Debug|Any CPU
		{3B2EEEB8-D73C-4D2C-92DB-94E24FF4FF18}.Release|Any CPU.ActiveCfg = Release|Any CPU
		{3B2EEEB8-D73C-4D2C-92DB-94E24FF4FF18}.Release|Any CPU.Build.0 = Release|Any CPU
	EndGlobalSection
	GlobalSection(SolutionProperties) = preSolution
		HideSolutionNode = FALSE
	EndGlobalSection
	GlobalSection(ExtensibilityGlobals) = postSolution
		SolutionGuid = {46AAE705-4702-40DE-86E2-ECFA092D2A92}
	EndGlobalSection
EndGlobal
