
Microsoft Visual Studio Solution File, Format Version 12.00
# Visual Studio 15
VisualStudioVersion = 15.0.27130.2020
MinimumVisualStudioVersion = 10.0.40219.1
Project("{FAE04EC0-301F-11D3-BF4B-00C04F79EFBC}") = "SGBank.UI", "SGBank.UI\SGBank.UI.csproj", "{7DE99302-D9D9-4A1B-953B-2D8641E9B566}"
EndProject
Project("{FAE04EC0-301F-11D3-BF4B-00C04F79EFBC}") = "SGBank.Models", "SGBank.Models\SGBank.Models.csproj", "{75C9D580-30DA-49EB-BFA7-8A2A95195EA5}"
EndProject
Project("{FAE04EC0-301F-11D3-BF4B-00C04F79EFBC}") = "SGBank.BLL", "SGBank.BLL\SGBank.BLL.csproj", "{713DE6E4-AFE6-4EC7-B9DC-FE80884DEB66}"
EndProject
Project("{FAE04EC0-301F-11D3-BF4B-00C04F79EFBC}") = "SGBank.Data", "SGBank.Data\SGBank.Data.csproj", "{29A1CDEC-48F8-40D7-A6CC-81CB94C6F33C}"
EndProject
Project("{FAE04EC0-301F-11D3-BF4B-00C04F79EFBC}") = "SGBankTest", "SGBankTest\SGBankTest.csproj", "{5C923AAE-E6F0-4BB7-A15C-549C4B5DE633}"
EndProject
Global
	GlobalSection(SolutionConfigurationPlatforms) = preSolution
		Debug|Any CPU = Debug|Any CPU
		Release|Any CPU = Release|Any CPU
	EndGlobalSection
	GlobalSection(ProjectConfigurationPlatforms) = postSolution
		{7DE99302-D9D9-4A1B-953B-2D8641E9B566}.Debug|Any CPU.ActiveCfg = Debug|Any CPU
		{7DE99302-D9D9-4A1B-953B-2D8641E9B566}.Debug|Any CPU.Build.0 = Debug|Any CPU
		{7DE99302-D9D9-4A1B-953B-2D8641E9B566}.Release|Any CPU.ActiveCfg = Release|Any CPU
		{7DE99302-D9D9-4A1B-953B-2D8641E9B566}.Release|Any CPU.Build.0 = Release|Any CPU
		{75C9D580-30DA-49EB-BFA7-8A2A95195EA5}.Debug|Any CPU.ActiveCfg = Debug|Any CPU
		{75C9D580-30DA-49EB-BFA7-8A2A95195EA5}.Debug|Any CPU.Build.0 = Debug|Any CPU
		{75C9D580-30DA-49EB-BFA7-8A2A95195EA5}.Release|Any CPU.ActiveCfg = Release|Any CPU
		{75C9D580-30DA-49EB-BFA7-8A2A95195EA5}.Release|Any CPU.Build.0 = Release|Any CPU
		{713DE6E4-AFE6-4EC7-B9DC-FE80884DEB66}.Debug|Any CPU.ActiveCfg = Debug|Any CPU
		{713DE6E4-AFE6-4EC7-B9DC-FE80884DEB66}.Debug|Any CPU.Build.0 = Debug|Any CPU
		{713DE6E4-AFE6-4EC7-B9DC-FE80884DEB66}.Release|Any CPU.ActiveCfg = Release|Any CPU
		{713DE6E4-AFE6-4EC7-B9DC-FE80884DEB66}.Release|Any CPU.Build.0 = Release|Any CPU
		{29A1CDEC-48F8-40D7-A6CC-81CB94C6F33C}.Debug|Any CPU.ActiveCfg = Debug|Any CPU
		{29A1CDEC-48F8-40D7-A6CC-81CB94C6F33C}.Debug|Any CPU.Build.0 = Debug|Any CPU
		{29A1CDEC-48F8-40D7-A6CC-81CB94C6F33C}.Release|Any CPU.ActiveCfg = Release|Any CPU
		{29A1CDEC-48F8-40D7-A6CC-81CB94C6F33C}.Release|Any CPU.Build.0 = Release|Any CPU
		{5C923AAE-E6F0-4BB7-A15C-549C4B5DE633}.Debug|Any CPU.ActiveCfg = Debug|Any CPU
		{5C923AAE-E6F0-4BB7-A15C-549C4B5DE633}.Debug|Any CPU.Build.0 = Debug|Any CPU
		{5C923AAE-E6F0-4BB7-A15C-549C4B5DE633}.Release|Any CPU.ActiveCfg = Release|Any CPU
		{5C923AAE-E6F0-4BB7-A15C-549C4B5DE633}.Release|Any CPU.Build.0 = Release|Any CPU
	EndGlobalSection
	GlobalSection(SolutionProperties) = preSolution
		HideSolutionNode = FALSE
	EndGlobalSection
	GlobalSection(ExtensibilityGlobals) = postSolution
		SolutionGuid = {B162AD0A-5DB8-4374-A396-210618B6D0AE}
	EndGlobalSection
EndGlobal
